# THIS IS AN AUTOGENERATED FILE. DO NOT EDIT THIS FILE DIRECTLY.
# yarn lockfile v1


acorn-export-default-from@^1.0.0-beta.2:
  version "1.0.0-beta.2"
  resolved "https://registry.yarnpkg.com/acorn-export-default-from/-/acorn-export-default-from-1.0.0-beta.2.tgz#f4e58d1bbd29a9ed77a61a99fdf034b596f97acb"
  integrity sha512-4moa+v/zN+bFwmwYmRtvXjGBZXCPfiwOVdICgGmv4Wm3OVFhFATX2rxJLcLvfu3Et9i1TOEugOEqUQlGxOuaig==
  dependencies:
    charcodes "^0.2.0"

acorn-import-assertion-v2@^1.0.1:
  version "1.0.1"
  resolved "https://registry.yarnpkg.com/acorn-import-assertion-v2/-/acorn-import-assertion-v2-1.0.1.tgz#1943484840023e6dc9981943c1f047be79999aea"
  integrity sha512-oaTEf/EKOO1j2A9Nz2HC//RLGUFikxuNStCtxoelvVVljVzh1XLaFGGLd3WCkvYILZ3H6zhcU82APCwI1IPnjg==
  dependencies:
    charcodes "^0.2.0"

charcodes@^0.2.0:
  version "0.2.0"
  resolved "https://registry.yarnpkg.com/charcodes/-/charcodes-0.2.0.tgz#5208d327e6cc05f99eb80ffc814707572d1f14e4"
  integrity sha512-Y4kiDb+AM4Ecy58YkuZrrSRJBDQdQ2L+NyS1vHHFtNtUjgutcZfx3yp1dAONI/oPaPmyGfCLx5CxL+zauIMyKQ==

fsevents@~2.3.2:
  version "2.3.2"
  resolved "https://registry.yarnpkg.com/fsevents/-/fsevents-2.3.2.tgz#8a526f78b8fdf4623b709e0b975c52c24c02fd1a"
  integrity sha512-xiqMQR4xAeHTuB9uWm+fFRcIOgKBMiOBP+eXiyT7jsgVCq1bkVygt00oASowB7EdtpOHaaPgKt812P9ab+DDKA==

rollup@^3.17.3:
  version "3.17.3"
  resolved "https://registry.yarnpkg.com/rollup/-/rollup-3.17.3.tgz#ee7c4e1a262da55c491a4788b632fa123315f6ef"
  integrity sha512-p5LaCXiiOL/wrOkj8djsIDFmyU9ysUxcyW+EKRLHb6TKldJzXpImjcRSR+vgo09DBdofGcOoLOsRyxxG2n5/qQ==
  optionalDependencies:
    fsevents "~2.3.2"
